// !$*UTF8*$!
{
	archiveVersion = 1;
	classes = {
	};
	objectVersion = 56;
	objects = {

/* Begin PBXBuildFile section */
		CBE172F329DC34AF00439C99 /* AppDelegate.swift in Sources */ = {isa = PBXBuildFile; fileRef = CBE172F229DC34AF00439C99 /* AppDelegate.swift */; };
		CBE172F529DC34AF00439C99 /* SceneDelegate.swift in Sources */ = {isa = PBXBuildFile; fileRef = CBE172F429DC34AF00439C99 /* SceneDelegate.swift */; };
		CBE172FC29DC34B000439C99 /* Assets.xcassets in Resources */ = {isa = PBXBuildFile; fileRef = CBE172FB29DC34B000439C99 /* Assets.xcassets */; };
		CBE172FF29DC34B000439C99 /* LaunchScreen.storyboard in Resources */ = {isa = PBXBuildFile; fileRef = CBE172FD29DC34B000439C99 /* LaunchScreen.storyboard */; };
		CBE1731429DC34B000439C99 /* MarvelHeroesUIKITUITests.swift in Sources */ = {isa = PBXBuildFile; fileRef = CBE1731329DC34B000439C99 /* MarvelHeroesUIKITUITests.swift */; };
		CBE1731629DC34B000439C99 /* MarvelHeroesUIKITUITestsLaunchTests.swift in Sources */ = {isa = PBXBuildFile; fileRef = CBE1731529DC34B000439C99 /* MarvelHeroesUIKITUITestsLaunchTests.swift */; };
		CBE1732729DC380900439C99 /* Tools.swift in Sources */ = {isa = PBXBuildFile; fileRef = CBE1732629DC380900439C99 /* Tools.swift */; };
		CBE1732B29DC381900439C99 /* BaseNetwork.swift in Sources */ = {isa = PBXBuildFile; fileRef = CBE1732829DC381900439C99 /* BaseNetwork.swift */; };
		CBE1732C29DC381900439C99 /* Models.swift in Sources */ = {isa = PBXBuildFile; fileRef = CBE1732929DC381900439C99 /* Models.swift */; };
		CBE1732D29DC381900439C99 /* Network.swift in Sources */ = {isa = PBXBuildFile; fileRef = CBE1732A29DC381900439C99 /* Network.swift */; };
		CBE1733029DC383A00439C99 /* SeriesViewModel.swift in Sources */ = {isa = PBXBuildFile; fileRef = CBE1732E29DC383A00439C99 /* SeriesViewModel.swift */; };
		CBE1733129DC383A00439C99 /* CharacterViewModel.swift in Sources */ = {isa = PBXBuildFile; fileRef = CBE1732F29DC383A00439C99 /* CharacterViewModel.swift */; };
		CBE1733B29DC38CA00439C99 /* CharactersTableViewController.swift in Sources */ = {isa = PBXBuildFile; fileRef = CBE1733929DC38CA00439C99 /* CharactersTableViewController.swift */; };
		CBE1733C29DC38CA00439C99 /* CharactersTableViewController.xib in Resources */ = {isa = PBXBuildFile; fileRef = CBE1733A29DC38CA00439C99 /* CharactersTableViewController.xib */; };
		CBE1733F29DC38E200439C99 /* CharacterTableViewCell.swift in Sources */ = {isa = PBXBuildFile; fileRef = CBE1733D29DC38E200439C99 /* CharacterTableViewCell.swift */; };
		CBE1734029DC38E200439C99 /* CharacterTableViewCell.xib in Resources */ = {isa = PBXBuildFile; fileRef = CBE1733E29DC38E200439C99 /* CharacterTableViewCell.xib */; };
		CBE1734429DC391D00439C99 /* SeriesTableViewController.swift in Sources */ = {isa = PBXBuildFile; fileRef = CBE1734229DC391D00439C99 /* SeriesTableViewController.swift */; };
		CBE1734529DC391D00439C99 /* SeriesTableViewController.xib in Resources */ = {isa = PBXBuildFile; fileRef = CBE1734329DC391D00439C99 /* SeriesTableViewController.xib */; };
		CBE1734829DC395500439C99 /* SerieTableViewCell.swift in Sources */ = {isa = PBXBuildFile; fileRef = CBE1734629DC395500439C99 /* SerieTableViewCell.swift */; };
		CBE1734929DC395500439C99 /* SerieTableViewCell.xib in Resources */ = {isa = PBXBuildFile; fileRef = CBE1734729DC395500439C99 /* SerieTableViewCell.xib */; };
		CBE1735E29DEE9FF00439C99 /* Tools.swift in Sources */ = {isa = PBXBuildFile; fileRef = CBE1732629DC380900439C99 /* Tools.swift */; };
		CBE1735F29DEEA0000439C99 /* Tools.swift in Sources */ = {isa = PBXBuildFile; fileRef = CBE1732629DC380900439C99 /* Tools.swift */; };
		CBE1736029DEEA0300439C99 /* CharacterViewModel.swift in Sources */ = {isa = PBXBuildFile; fileRef = CBE1732F29DC383A00439C99 /* CharacterViewModel.swift */; };
		CBE1736129DEEA0300439C99 /* CharacterViewModel.swift in Sources */ = {isa = PBXBuildFile; fileRef = CBE1732F29DC383A00439C99 /* CharacterViewModel.swift */; };
		CBE1736229DEEA0500439C99 /* SeriesViewModel.swift in Sources */ = {isa = PBXBuildFile; fileRef = CBE1732E29DC383A00439C99 /* SeriesViewModel.swift */; };
		CBE1736329DEEA0600439C99 /* SeriesViewModel.swift in Sources */ = {isa = PBXBuildFile; fileRef = CBE1732E29DC383A00439C99 /* SeriesViewModel.swift */; };
		CBE1736429DEEA0F00439C99 /* CharacterTableViewCell.swift in Sources */ = {isa = PBXBuildFile; fileRef = CBE1733D29DC38E200439C99 /* CharacterTableViewCell.swift */; };
		CBE1736529DEEA0F00439C99 /* SceneDelegate.swift in Sources */ = {isa = PBXBuildFile; fileRef = CBE172F429DC34AF00439C99 /* SceneDelegate.swift */; };
		CBE1736629DEEA0F00439C99 /* SerieTableViewCell.swift in Sources */ = {isa = PBXBuildFile; fileRef = CBE1734629DC395500439C99 /* SerieTableViewCell.swift */; };
		CBE1736729DEEA0F00439C99 /* CharactersTableViewController.swift in Sources */ = {isa = PBXBuildFile; fileRef = CBE1733929DC38CA00439C99 /* CharactersTableViewController.swift */; };
		CBE1736829DEEA0F00439C99 /* SeriesTableViewController.swift in Sources */ = {isa = PBXBuildFile; fileRef = CBE1734229DC391D00439C99 /* SeriesTableViewController.swift */; };
		CBE1736929DEEA0F00439C99 /* AppDelegate.swift in Sources */ = {isa = PBXBuildFile; fileRef = CBE172F229DC34AF00439C99 /* AppDelegate.swift */; };
		CBE1736A29DEEA1000439C99 /* CharacterTableViewCell.swift in Sources */ = {isa = PBXBuildFile; fileRef = CBE1733D29DC38E200439C99 /* CharacterTableViewCell.swift */; };
		CBE1736B29DEEA1000439C99 /* SceneDelegate.swift in Sources */ = {isa = PBXBuildFile; fileRef = CBE172F429DC34AF00439C99 /* SceneDelegate.swift */; };
		CBE1736C29DEEA1000439C99 /* SerieTableViewCell.swift in Sources */ = {isa = PBXBuildFile; fileRef = CBE1734629DC395500439C99 /* SerieTableViewCell.swift */; };
		CBE1736D29DEEA1000439C99 /* CharactersTableViewController.swift in Sources */ = {isa = PBXBuildFile; fileRef = CBE1733929DC38CA00439C99 /* CharactersTableViewController.swift */; };
		CBE1736E29DEEA1000439C99 /* SeriesTableViewController.swift in Sources */ = {isa = PBXBuildFile; fileRef = CBE1734229DC391D00439C99 /* SeriesTableViewController.swift */; };
		CBE1736F29DEEA1000439C99 /* AppDelegate.swift in Sources */ = {isa = PBXBuildFile; fileRef = CBE172F229DC34AF00439C99 /* AppDelegate.swift */; };
		CBE1737829DEEA5400439C99 /* SerieRowViewTests.swift in Sources */ = {isa = PBXBuildFile; fileRef = CBE1737029DEEA5400439C99 /* SerieRowViewTests.swift */; };
		CBE1737929DEEA5400439C99 /* SerieListViewTests.swift in Sources */ = {isa = PBXBuildFile; fileRef = CBE1737129DEEA5400439C99 /* SerieListViewTests.swift */; };
		CBE1737A29DEEA5400439C99 /* SeriesViewModelTests.swift in Sources */ = {isa = PBXBuildFile; fileRef = CBE1737229DEEA5400439C99 /* SeriesViewModelTests.swift */; };
		CBE1737B29DEEA5400439C99 /* CharacterRowViewTests.swift in Sources */ = {isa = PBXBuildFile; fileRef = CBE1737329DEEA5400439C99 /* CharacterRowViewTests.swift */; };
		CBE1737C29DEEA5400439C99 /* BaseNetworkTests.swift in Sources */ = {isa = PBXBuildFile; fileRef = CBE1737429DEEA5400439C99 /* BaseNetworkTests.swift */; };
		CBE1737D29DEEA5400439C99 /* CharacterViewModelTests.swift in Sources */ = {isa = PBXBuildFile; fileRef = CBE1737529DEEA5400439C99 /* CharacterViewModelTests.swift */; };
		CBE1737E29DEEA5400439C99 /* CharactersListViewTests.swift in Sources */ = {isa = PBXBuildFile; fileRef = CBE1737629DEEA5400439C99 /* CharactersListViewTests.swift */; };
		CBE1737F29DEEA5400439C99 /* NetworkTests.swift in Sources */ = {isa = PBXBuildFile; fileRef = CBE1737729DEEA5400439C99 /* NetworkTests.swift */; };
		CBE1738329DEEAB300439C99 /* SeriesData.json in Resources */ = {isa = PBXBuildFile; fileRef = CBE1738129DEEAB300439C99 /* SeriesData.json */; };
		CBE1738429DEEAB300439C99 /* SeriesData.json in Resources */ = {isa = PBXBuildFile; fileRef = CBE1738129DEEAB300439C99 /* SeriesData.json */; };
		CBE1738529DEEAB300439C99 /* SeriesData.json in Resources */ = {isa = PBXBuildFile; fileRef = CBE1738129DEEAB300439C99 /* SeriesData.json */; };
		CBE1738629DEEAB300439C99 /* CharactersData.json in Resources */ = {isa = PBXBuildFile; fileRef = CBE1738229DEEAB300439C99 /* CharactersData.json */; };
		CBE1738729DEEAB300439C99 /* CharactersData.json in Resources */ = {isa = PBXBuildFile; fileRef = CBE1738229DEEAB300439C99 /* CharactersData.json */; };
		CBE1738829DEEAB300439C99 /* CharactersData.json in Resources */ = {isa = PBXBuildFile; fileRef = CBE1738229DEEAB300439C99 /* CharactersData.json */; };
		CBE1738929DEEAE700439C99 /* BaseNetwork.swift in Sources */ = {isa = PBXBuildFile; fileRef = CBE1732829DC381900439C99 /* BaseNetwork.swift */; };
		CBE1738A29DEEAE700439C99 /* BaseNetwork.swift in Sources */ = {isa = PBXBuildFile; fileRef = CBE1732829DC381900439C99 /* BaseNetwork.swift */; };
		CBE1738B29DEEAEA00439C99 /* Models.swift in Sources */ = {isa = PBXBuildFile; fileRef = CBE1732929DC381900439C99 /* Models.swift */; };
		CBE1738C29DEEAEB00439C99 /* Models.swift in Sources */ = {isa = PBXBuildFile; fileRef = CBE1732929DC381900439C99 /* Models.swift */; };
		CBE1738D29DEEAEE00439C99 /* Network.swift in Sources */ = {isa = PBXBuildFile; fileRef = CBE1732A29DC381900439C99 /* Network.swift */; };
		CBE1738E29DEEAEF00439C99 /* Network.swift in Sources */ = {isa = PBXBuildFile; fileRef = CBE1732A29DC381900439C99 /* Network.swift */; };
/* End PBXBuildFile section */

/* Begin PBXContainerItemProxy section */
		CBE1730629DC34B000439C99 /* PBXContainerItemProxy */ = {
			isa = PBXContainerItemProxy;
			containerPortal = CBE172E729DC34AF00439C99 /* Project object */;
			proxyType = 1;
			remoteGlobalIDString = CBE172EE29DC34AF00439C99;
			remoteInfo = MarvelHeroesUIKIT;
		};
		CBE1731029DC34B000439C99 /* PBXContainerItemProxy */ = {
			isa = PBXContainerItemProxy;
			containerPortal = CBE172E729DC34AF00439C99 /* Project object */;
			proxyType = 1;
			remoteGlobalIDString = CBE172EE29DC34AF00439C99;
			remoteInfo = MarvelHeroesUIKIT;
		};
/* End PBXContainerItemProxy section */

/* Begin PBXFileReference section */
		CBE172EF29DC34AF00439C99 /* MarvelHeroesUIKIT.app */ = {isa = PBXFileReference; explicitFileType = wrapper.application; includeInIndex = 0; path = MarvelHeroesUIKIT.app; sourceTree = BUILT_PRODUCTS_DIR; };
		CBE172F229DC34AF00439C99 /* AppDelegate.swift */ = {isa = PBXFileReference; lastKnownFileType = sourcecode.swift; path = AppDelegate.swift; sourceTree = "<group>"; };
		CBE172F429DC34AF00439C99 /* SceneDelegate.swift */ = {isa = PBXFileReference; lastKnownFileType = sourcecode.swift; path = SceneDelegate.swift; sourceTree = "<group>"; };
		CBE172FB29DC34B000439C99 /* Assets.xcassets */ = {isa = PBXFileReference; lastKnownFileType = folder.assetcatalog; path = Assets.xcassets; sourceTree = "<group>"; };
		CBE172FE29DC34B000439C99 /* Base */ = {isa = PBXFileReference; lastKnownFileType = file.storyboard; name = Base; path = Base.lproj/LaunchScreen.storyboard; sourceTree = "<group>"; };
		CBE1730029DC34B000439C99 /* Info.plist */ = {isa = PBXFileReference; lastKnownFileType = text.plist.xml; path = Info.plist; sourceTree = "<group>"; };
		CBE1730529DC34B000439C99 /* MarvelHeroesUIKITTests.xctest */ = {isa = PBXFileReference; explicitFileType = wrapper.cfbundle; includeInIndex = 0; path = MarvelHeroesUIKITTests.xctest; sourceTree = BUILT_PRODUCTS_DIR; };
		CBE1730F29DC34B000439C99 /* MarvelHeroesUIKITUITests.xctest */ = {isa = PBXFileReference; explicitFileType = wrapper.cfbundle; includeInIndex = 0; path = MarvelHeroesUIKITUITests.xctest; sourceTree = BUILT_PRODUCTS_DIR; };
		CBE1731329DC34B000439C99 /* MarvelHeroesUIKITUITests.swift */ = {isa = PBXFileReference; lastKnownFileType = sourcecode.swift; path = MarvelHeroesUIKITUITests.swift; sourceTree = "<group>"; };
		CBE1731529DC34B000439C99 /* MarvelHeroesUIKITUITestsLaunchTests.swift */ = {isa = PBXFileReference; lastKnownFileType = sourcecode.swift; path = MarvelHeroesUIKITUITestsLaunchTests.swift; sourceTree = "<group>"; };
		CBE1732629DC380900439C99 /* Tools.swift */ = {isa = PBXFileReference; fileEncoding = 4; lastKnownFileType = sourcecode.swift; path = Tools.swift; sourceTree = "<group>"; };
		CBE1732829DC381900439C99 /* BaseNetwork.swift */ = {isa = PBXFileReference; fileEncoding = 4; lastKnownFileType = sourcecode.swift; path = BaseNetwork.swift; sourceTree = "<group>"; };
		CBE1732929DC381900439C99 /* Models.swift */ = {isa = PBXFileReference; fileEncoding = 4; lastKnownFileType = sourcecode.swift; path = Models.swift; sourceTree = "<group>"; };
		CBE1732A29DC381900439C99 /* Network.swift */ = {isa = PBXFileReference; fileEncoding = 4; lastKnownFileType = sourcecode.swift; path = Network.swift; sourceTree = "<group>"; };
		CBE1732E29DC383A00439C99 /* SeriesViewModel.swift */ = {isa = PBXFileReference; fileEncoding = 4; lastKnownFileType = sourcecode.swift; path = SeriesViewModel.swift; sourceTree = "<group>"; };
		CBE1732F29DC383A00439C99 /* CharacterViewModel.swift */ = {isa = PBXFileReference; fileEncoding = 4; lastKnownFileType = sourcecode.swift; path = CharacterViewModel.swift; sourceTree = "<group>"; };
		CBE1733929DC38CA00439C99 /* CharactersTableViewController.swift */ = {isa = PBXFileReference; lastKnownFileType = sourcecode.swift; path = CharactersTableViewController.swift; sourceTree = "<group>"; };
		CBE1733A29DC38CA00439C99 /* CharactersTableViewController.xib */ = {isa = PBXFileReference; lastKnownFileType = file.xib; path = CharactersTableViewController.xib; sourceTree = "<group>"; };
		CBE1733D29DC38E200439C99 /* CharacterTableViewCell.swift */ = {isa = PBXFileReference; lastKnownFileType = sourcecode.swift; path = CharacterTableViewCell.swift; sourceTree = "<group>"; };
		CBE1733E29DC38E200439C99 /* CharacterTableViewCell.xib */ = {isa = PBXFileReference; lastKnownFileType = file.xib; path = CharacterTableViewCell.xib; sourceTree = "<group>"; };
		CBE1734229DC391D00439C99 /* SeriesTableViewController.swift */ = {isa = PBXFileReference; lastKnownFileType = sourcecode.swift; path = SeriesTableViewController.swift; sourceTree = "<group>"; };
		CBE1734329DC391D00439C99 /* SeriesTableViewController.xib */ = {isa = PBXFileReference; lastKnownFileType = file.xib; path = SeriesTableViewController.xib; sourceTree = "<group>"; };
		CBE1734629DC395500439C99 /* SerieTableViewCell.swift */ = {isa = PBXFileReference; lastKnownFileType = sourcecode.swift; path = SerieTableViewCell.swift; sourceTree = "<group>"; };
		CBE1734729DC395500439C99 /* SerieTableViewCell.xib */ = {isa = PBXFileReference; lastKnownFileType = file.xib; path = SerieTableViewCell.xib; sourceTree = "<group>"; };
		CBE1737029DEEA5400439C99 /* SerieRowViewTests.swift */ = {isa = PBXFileReference; fileEncoding = 4; lastKnownFileType = sourcecode.swift; path = SerieRowViewTests.swift; sourceTree = "<group>"; };
		CBE1737129DEEA5400439C99 /* SerieListViewTests.swift */ = {isa = PBXFileReference; fileEncoding = 4; lastKnownFileType = sourcecode.swift; path = SerieListViewTests.swift; sourceTree = "<group>"; };
		CBE1737229DEEA5400439C99 /* SeriesViewModelTests.swift */ = {isa = PBXFileReference; fileEncoding = 4; lastKnownFileType = sourcecode.swift; path = SeriesViewModelTests.swift; sourceTree = "<group>"; };
		CBE1737329DEEA5400439C99 /* CharacterRowViewTests.swift */ = {isa = PBXFileReference; fileEncoding = 4; lastKnownFileType = sourcecode.swift; path = CharacterRowViewTests.swift; sourceTree = "<group>"; };
		CBE1737429DEEA5400439C99 /* BaseNetworkTests.swift */ = {isa = PBXFileReference; fileEncoding = 4; lastKnownFileType = sourcecode.swift; path = BaseNetworkTests.swift; sourceTree = "<group>"; };
		CBE1737529DEEA5400439C99 /* CharacterViewModelTests.swift */ = {isa = PBXFileReference; fileEncoding = 4; lastKnownFileType = sourcecode.swift; path = CharacterViewModelTests.swift; sourceTree = "<group>"; };
		CBE1737629DEEA5400439C99 /* CharactersListViewTests.swift */ = {isa = PBXFileReference; fileEncoding = 4; lastKnownFileType = sourcecode.swift; path = CharactersListViewTests.swift; sourceTree = "<group>"; };
		CBE1737729DEEA5400439C99 /* NetworkTests.swift */ = {isa = PBXFileReference; fileEncoding = 4; lastKnownFileType = sourcecode.swift; path = NetworkTests.swift; sourceTree = "<group>"; };
		CBE1738129DEEAB300439C99 /* SeriesData.json */ = {isa = PBXFileReference; fileEncoding = 4; lastKnownFileType = text.json; path = SeriesData.json; sourceTree = "<group>"; };
		CBE1738229DEEAB300439C99 /* CharactersData.json */ = {isa = PBXFileReference; fileEncoding = 4; lastKnownFileType = text.json; path = CharactersData.json; sourceTree = "<group>"; };
/* End PBXFileReference section */

/* Begin PBXFrameworksBuildPhase section */
		CBE172EC29DC34AF00439C99 /* Frameworks */ = {
			isa = PBXFrameworksBuildPhase;
			buildActionMask = 2147483647;
			files = (
			);
			runOnlyForDeploymentPostprocessing = 0;
		};
		CBE1730229DC34B000439C99 /* Frameworks */ = {
			isa = PBXFrameworksBuildPhase;
			buildActionMask = 2147483647;
			files = (
			);
			runOnlyForDeploymentPostprocessing = 0;
		};
		CBE1730C29DC34B000439C99 /* Frameworks */ = {
			isa = PBXFrameworksBuildPhase;
			buildActionMask = 2147483647;
			files = (
			);
			runOnlyForDeploymentPostprocessing = 0;
		};
/* End PBXFrameworksBuildPhase section */

/* Begin PBXGroup section */
		CBE172E629DC34AF00439C99 = {
			isa = PBXGroup;
			children = (
				CBE172F129DC34AF00439C99 /* MarvelHeroesUIKIT */,
				CBE1730829DC34B000439C99 /* MarvelHeroesUIKITTests */,
				CBE1731229DC34B000439C99 /* MarvelHeroesUIKITUITests */,
				CBE172F029DC34AF00439C99 /* Products */,
			);
			sourceTree = "<group>";
		};
		CBE172F029DC34AF00439C99 /* Products */ = {
			isa = PBXGroup;
			children = (
				CBE172EF29DC34AF00439C99 /* MarvelHeroesUIKIT.app */,
				CBE1730529DC34B000439C99 /* MarvelHeroesUIKITTests.xctest */,
				CBE1730F29DC34B000439C99 /* MarvelHeroesUIKITUITests.xctest */,
			);
			name = Products;
			sourceTree = "<group>";
		};
		CBE172F129DC34AF00439C99 /* MarvelHeroesUIKIT */ = {
			isa = PBXGroup;
			children = (
				CBE1738029DEEA8700439C99 /* TestData */,
				CBE1732429DC350D00439C99 /* Model */,
				CBE1732529DC352600439C99 /* Tools */,
				CBE1732229DC34FA00439C99 /* ViewModel */,
				CBE1732329DC350300439C99 /* View */,
				CBE172F229DC34AF00439C99 /* AppDelegate.swift */,
				CBE172F429DC34AF00439C99 /* SceneDelegate.swift */,
				CBE172FB29DC34B000439C99 /* Assets.xcassets */,
				CBE172FD29DC34B000439C99 /* LaunchScreen.storyboard */,
				CBE1730029DC34B000439C99 /* Info.plist */,
			);
			path = MarvelHeroesUIKIT;
			sourceTree = "<group>";
		};
		CBE1730829DC34B000439C99 /* MarvelHeroesUIKITTests */ = {
			isa = PBXGroup;
			children = (
				CBE1737429DEEA5400439C99 /* BaseNetworkTests.swift */,
				CBE1737329DEEA5400439C99 /* CharacterRowViewTests.swift */,
				CBE1737629DEEA5400439C99 /* CharactersListViewTests.swift */,
				CBE1737529DEEA5400439C99 /* CharacterViewModelTests.swift */,
				CBE1737729DEEA5400439C99 /* NetworkTests.swift */,
				CBE1737129DEEA5400439C99 /* SerieListViewTests.swift */,
				CBE1737029DEEA5400439C99 /* SerieRowViewTests.swift */,
				CBE1737229DEEA5400439C99 /* SeriesViewModelTests.swift */,
			);
			path = MarvelHeroesUIKITTests;
			sourceTree = "<group>";
		};
		CBE1731229DC34B000439C99 /* MarvelHeroesUIKITUITests */ = {
			isa = PBXGroup;
			children = (
				CBE1731329DC34B000439C99 /* MarvelHeroesUIKITUITests.swift */,
				CBE1731529DC34B000439C99 /* MarvelHeroesUIKITUITestsLaunchTests.swift */,
			);
			path = MarvelHeroesUIKITUITests;
			sourceTree = "<group>";
		};
		CBE1732229DC34FA00439C99 /* ViewModel */ = {
			isa = PBXGroup;
			children = (
				CBE1732F29DC383A00439C99 /* CharacterViewModel.swift */,
				CBE1732E29DC383A00439C99 /* SeriesViewModel.swift */,
			);
			path = ViewModel;
			sourceTree = "<group>";
		};
		CBE1732329DC350300439C99 /* View */ = {
			isa = PBXGroup;
			children = (
				CBE1733229DC384100439C99 /* Characters */,
				CBE1733329DC384800439C99 /* Series */,
			);
			path = View;
			sourceTree = "<group>";
		};
		CBE1732429DC350D00439C99 /* Model */ = {
			isa = PBXGroup;
			children = (
				CBE1732829DC381900439C99 /* BaseNetwork.swift */,
				CBE1732929DC381900439C99 /* Models.swift */,
				CBE1732A29DC381900439C99 /* Network.swift */,
			);
			path = Model;
			sourceTree = "<group>";
		};
		CBE1732529DC352600439C99 /* Tools */ = {
			isa = PBXGroup;
			children = (
				CBE1732629DC380900439C99 /* Tools.swift */,
			);
			path = Tools;
			sourceTree = "<group>";
		};
		CBE1733229DC384100439C99 /* Characters */ = {
			isa = PBXGroup;
			children = (
				CBE1733829DC389400439C99 /* cell */,
				CBE1733929DC38CA00439C99 /* CharactersTableViewController.swift */,
				CBE1733A29DC38CA00439C99 /* CharactersTableViewController.xib */,
			);
			path = Characters;
			sourceTree = "<group>";
		};
		CBE1733329DC384800439C99 /* Series */ = {
			isa = PBXGroup;
			children = (
				CBE1734129DC38F800439C99 /* cell */,
				CBE1734229DC391D00439C99 /* SeriesTableViewController.swift */,
				CBE1734329DC391D00439C99 /* SeriesTableViewController.xib */,
			);
			path = Series;
			sourceTree = "<group>";
		};
		CBE1733829DC389400439C99 /* cell */ = {
			isa = PBXGroup;
			children = (
				CBE1733D29DC38E200439C99 /* CharacterTableViewCell.swift */,
				CBE1733E29DC38E200439C99 /* CharacterTableViewCell.xib */,
			);
			path = cell;
			sourceTree = "<group>";
		};
		CBE1734129DC38F800439C99 /* cell */ = {
			isa = PBXGroup;
			children = (
				CBE1734629DC395500439C99 /* SerieTableViewCell.swift */,
				CBE1734729DC395500439C99 /* SerieTableViewCell.xib */,
			);
			path = cell;
			sourceTree = "<group>";
		};
		CBE1738029DEEA8700439C99 /* TestData */ = {
			isa = PBXGroup;
			children = (
				CBE1738229DEEAB300439C99 /* CharactersData.json */,
				CBE1738129DEEAB300439C99 /* SeriesData.json */,
			);
			path = TestData;
			sourceTree = "<group>";
		};
/* End PBXGroup section */

/* Begin PBXNativeTarget section */
		CBE172EE29DC34AF00439C99 /* MarvelHeroesUIKIT */ = {
			isa = PBXNativeTarget;
			buildConfigurationList = CBE1731929DC34B000439C99 /* Build configuration list for PBXNativeTarget "MarvelHeroesUIKIT" */;
			buildPhases = (
				CBE172EB29DC34AF00439C99 /* Sources */,
				CBE172EC29DC34AF00439C99 /* Frameworks */,
				CBE172ED29DC34AF00439C99 /* Resources */,
			);
			buildRules = (
			);
			dependencies = (
			);
			name = MarvelHeroesUIKIT;
			productName = MarvelHeroesUIKIT;
			productReference = CBE172EF29DC34AF00439C99 /* MarvelHeroesUIKIT.app */;
			productType = "com.apple.product-type.application";
		};
		CBE1730429DC34B000439C99 /* MarvelHeroesUIKITTests */ = {
			isa = PBXNativeTarget;
			buildConfigurationList = CBE1731C29DC34B000439C99 /* Build configuration list for PBXNativeTarget "MarvelHeroesUIKITTests" */;
			buildPhases = (
				CBE1730129DC34B000439C99 /* Sources */,
				CBE1730229DC34B000439C99 /* Frameworks */,
				CBE1730329DC34B000439C99 /* Resources */,
			);
			buildRules = (
			);
			dependencies = (
				CBE1730729DC34B000439C99 /* PBXTargetDependency */,
			);
			name = MarvelHeroesUIKITTests;
			productName = MarvelHeroesUIKITTests;
			productReference = CBE1730529DC34B000439C99 /* MarvelHeroesUIKITTests.xctest */;
			productType = "com.apple.product-type.bundle.unit-test";
		};
		CBE1730E29DC34B000439C99 /* MarvelHeroesUIKITUITests */ = {
			isa = PBXNativeTarget;
			buildConfigurationList = CBE1731F29DC34B000439C99 /* Build configuration list for PBXNativeTarget "MarvelHeroesUIKITUITests" */;
			buildPhases = (
				CBE1730B29DC34B000439C99 /* Sources */,
				CBE1730C29DC34B000439C99 /* Frameworks */,
				CBE1730D29DC34B000439C99 /* Resources */,
			);
			buildRules = (
			);
			dependencies = (
				CBE1731129DC34B000439C99 /* PBXTargetDependency */,
			);
			name = MarvelHeroesUIKITUITests;
			productName = MarvelHeroesUIKITUITests;
			productReference = CBE1730F29DC34B000439C99 /* MarvelHeroesUIKITUITests.xctest */;
			productType = "com.apple.product-type.bundle.ui-testing";
		};
/* End PBXNativeTarget section */

/* Begin PBXProject section */
		CBE172E729DC34AF00439C99 /* Project object */ = {
			isa = PBXProject;
			attributes = {
				BuildIndependentTargetsInParallel = 1;
				LastSwiftUpdateCheck = 1430;
				LastUpgradeCheck = 1430;
				TargetAttributes = {
					CBE172EE29DC34AF00439C99 = {
						CreatedOnToolsVersion = 14.3;
					};
					CBE1730429DC34B000439C99 = {
						CreatedOnToolsVersion = 14.3;
						TestTargetID = CBE172EE29DC34AF00439C99;
					};
					CBE1730E29DC34B000439C99 = {
						CreatedOnToolsVersion = 14.3;
						TestTargetID = CBE172EE29DC34AF00439C99;
					};
				};
			};
			buildConfigurationList = CBE172EA29DC34AF00439C99 /* Build configuration list for PBXProject "MarvelHeroesUIKIT" */;
			compatibilityVersion = "Xcode 14.0";
			developmentRegion = en;
			hasScannedForEncodings = 0;
			knownRegions = (
				en,
				Base,
			);
			mainGroup = CBE172E629DC34AF00439C99;
			productRefGroup = CBE172F029DC34AF00439C99 /* Products */;
			projectDirPath = "";
			projectRoot = "";
			targets = (
				CBE172EE29DC34AF00439C99 /* MarvelHeroesUIKIT */,
				CBE1730429DC34B000439C99 /* MarvelHeroesUIKITTests */,
				CBE1730E29DC34B000439C99 /* MarvelHeroesUIKITUITests */,
			);
		};
/* End PBXProject section */

/* Begin PBXResourcesBuildPhase section */
		CBE172ED29DC34AF00439C99 /* Resources */ = {
			isa = PBXResourcesBuildPhase;
			buildActionMask = 2147483647;
			files = (
				CBE172FF29DC34B000439C99 /* LaunchScreen.storyboard in Resources */,
				CBE172FC29DC34B000439C99 /* Assets.xcassets in Resources */,
				CBE1734029DC38E200439C99 /* CharacterTableViewCell.xib in Resources */,
				CBE1738329DEEAB300439C99 /* SeriesData.json in Resources */,
				CBE1734529DC391D00439C99 /* SeriesTableViewController.xib in Resources */,
				CBE1738629DEEAB300439C99 /* CharactersData.json in Resources */,
				CBE1734929DC395500439C99 /* SerieTableViewCell.xib in Resources */,
				CBE1733C29DC38CA00439C99 /* CharactersTableViewController.xib in Resources */,
			);
			runOnlyForDeploymentPostprocessing = 0;
		};
		CBE1730329DC34B000439C99 /* Resources */ = {
			isa = PBXResourcesBuildPhase;
			buildActionMask = 2147483647;
			files = (
				CBE1738429DEEAB300439C99 /* SeriesData.json in Resources */,
				CBE1738729DEEAB300439C99 /* CharactersData.json in Resources */,
			);
			runOnlyForDeploymentPostprocessing = 0;
		};
		CBE1730D29DC34B000439C99 /* Resources */ = {
			isa = PBXResourcesBuildPhase;
			buildActionMask = 2147483647;
			files = (
				CBE1738529DEEAB300439C99 /* SeriesData.json in Resources */,
				CBE1738829DEEAB300439C99 /* CharactersData.json in Resources */,
			);
			runOnlyForDeploymentPostprocessing = 0;
		};
/* End PBXResourcesBuildPhase section */

/* Begin PBXSourcesBuildPhase section */
		CBE172EB29DC34AF00439C99 /* Sources */ = {
			isa = PBXSourcesBuildPhase;
			buildActionMask = 2147483647;
			files = (
				CBE1734429DC391D00439C99 /* SeriesTableViewController.swift in Sources */,
				CBE1734829DC395500439C99 /* SerieTableViewCell.swift in Sources */,
				CBE1733B29DC38CA00439C99 /* CharactersTableViewController.swift in Sources */,
				CBE1733129DC383A00439C99 /* CharacterViewModel.swift in Sources */,
				CBE172F329DC34AF00439C99 /* AppDelegate.swift in Sources */,
				CBE172F529DC34AF00439C99 /* SceneDelegate.swift in Sources */,
				CBE1733F29DC38E200439C99 /* CharacterTableViewCell.swift in Sources */,
				CBE1732C29DC381900439C99 /* Models.swift in Sources */,
				CBE1732729DC380900439C99 /* Tools.swift in Sources */,
				CBE1732D29DC381900439C99 /* Network.swift in Sources */,
				CBE1732B29DC381900439C99 /* BaseNetwork.swift in Sources */,
				CBE1733029DC383A00439C99 /* SeriesViewModel.swift in Sources */,
			);
			runOnlyForDeploymentPostprocessing = 0;
		};
		CBE1730129DC34B000439C99 /* Sources */ = {
			isa = PBXSourcesBuildPhase;
			buildActionMask = 2147483647;
			files = (
				CBE1736629DEEA0F00439C99 /* SerieTableViewCell.swift in Sources */,
				CBE1736029DEEA0300439C99 /* CharacterViewModel.swift in Sources */,
				CBE1737E29DEEA5400439C99 /* CharactersListViewTests.swift in Sources */,
				CBE1738929DEEAE700439C99 /* BaseNetwork.swift in Sources */,
				CBE1737829DEEA5400439C99 /* SerieRowViewTests.swift in Sources */,
				CBE1737A29DEEA5400439C99 /* SeriesViewModelTests.swift in Sources */,
				CBE1737B29DEEA5400439C99 /* CharacterRowViewTests.swift in Sources */,
				CBE1736829DEEA0F00439C99 /* SeriesTableViewController.swift in Sources */,
				CBE1736429DEEA0F00439C99 /* CharacterTableViewCell.swift in Sources */,
				CBE1737929DEEA5400439C99 /* SerieListViewTests.swift in Sources */,
				CBE1738D29DEEAEE00439C99 /* Network.swift in Sources */,
				CBE1737D29DEEA5400439C99 /* CharacterViewModelTests.swift in Sources */,
				CBE1735E29DEE9FF00439C99 /* Tools.swift in Sources */,
				CBE1736729DEEA0F00439C99 /* CharactersTableViewController.swift in Sources */,
				CBE1736229DEEA0500439C99 /* SeriesViewModel.swift in Sources */,
				CBE1736929DEEA0F00439C99 /* AppDelegate.swift in Sources */,
				CBE1738B29DEEAEA00439C99 /* Models.swift in Sources */,
				CBE1736529DEEA0F00439C99 /* SceneDelegate.swift in Sources */,
				CBE1737F29DEEA5400439C99 /* NetworkTests.swift in Sources */,
				CBE1737C29DEEA5400439C99 /* BaseNetworkTests.swift in Sources */,
			);
			runOnlyForDeploymentPostprocessing = 0;
		};
		CBE1730B29DC34B000439C99 /* Sources */ = {
			isa = PBXSourcesBuildPhase;
			buildActionMask = 2147483647;
			files = (
				CBE1736F29DEEA1000439C99 /* AppDelegate.swift in Sources */,
				CBE1738C29DEEAEB00439C99 /* Models.swift in Sources */,
				CBE1736E29DEEA1000439C99 /* SeriesTableViewController.swift in Sources */,
				CBE1736129DEEA0300439C99 /* CharacterViewModel.swift in Sources */,
				CBE1736B29DEEA1000439C99 /* SceneDelegate.swift in Sources */,
				CBE1735F29DEEA0000439C99 /* Tools.swift in Sources */,
				CBE1736329DEEA0600439C99 /* SeriesViewModel.swift in Sources */,
				CBE1731629DC34B000439C99 /* MarvelHeroesUIKITUITestsLaunchTests.swift in Sources */,
				CBE1731429DC34B000439C99 /* MarvelHeroesUIKITUITests.swift in Sources */,
				CBE1736C29DEEA1000439C99 /* SerieTableViewCell.swift in Sources */,
				CBE1738A29DEEAE700439C99 /* BaseNetwork.swift in Sources */,
				CBE1736D29DEEA1000439C99 /* CharactersTableViewController.swift in Sources */,
				CBE1738E29DEEAEF00439C99 /* Network.swift in Sources */,
				CBE1736A29DEEA1000439C99 /* CharacterTableViewCell.swift in Sources */,
			);
			runOnlyForDeploymentPostprocessing = 0;
		};
/* End PBXSourcesBuildPhase section */

/* Begin PBXTargetDependency section */
		CBE1730729DC34B000439C99 /* PBXTargetDependency */ = {
			isa = PBXTargetDependency;
			target = CBE172EE29DC34AF00439C99 /* MarvelHeroesUIKIT */;
			targetProxy = CBE1730629DC34B000439C99 /* PBXContainerItemProxy */;
		};
		CBE1731129DC34B000439C99 /* PBXTargetDependency */ = {
			isa = PBXTargetDependency;
			target = CBE172EE29DC34AF00439C99 /* MarvelHeroesUIKIT */;
			targetProxy = CBE1731029DC34B000439C99 /* PBXContainerItemProxy */;
		};
/* End PBXTargetDependency section */

/* Begin PBXVariantGroup section */
		CBE172FD29DC34B000439C99 /* LaunchScreen.storyboard */ = {
			isa = PBXVariantGroup;
			children = (
				CBE172FE29DC34B000439C99 /* Base */,
			);
			name = LaunchScreen.storyboard;
			sourceTree = "<group>";
		};
/* End PBXVariantGroup section */

/* Begin XCBuildConfiguration section */
		CBE1731729DC34B000439C99 /* Debug */ = {
			isa = XCBuildConfiguration;
			buildSettings = {
				ALWAYS_SEARCH_USER_PATHS = NO;
				CLANG_ANALYZER_NONNULL = YES;
				CLANG_ANALYZER_NUMBER_OBJECT_CONVERSION = YES_AGGRESSIVE;
				CLANG_CXX_LANGUAGE_STANDARD = "gnu++20";
				CLANG_ENABLE_MODULES = YES;
				CLANG_ENABLE_OBJC_ARC = YES;
				CLANG_ENABLE_OBJC_WEAK = YES;
				CLANG_WARN_BLOCK_CAPTURE_AUTORELEASING = YES;
				CLANG_WARN_BOOL_CONVERSION = YES;
				CLANG_WARN_COMMA = YES;
				CLANG_WARN_CONSTANT_CONVERSION = YES;
				CLANG_WARN_DEPRECATED_OBJC_IMPLEMENTATIONS = YES;
				CLANG_WARN_DIRECT_OBJC_ISA_USAGE = YES_ERROR;
				CLANG_WARN_DOCUMENTATION_COMMENTS = YES;
				CLANG_WARN_EMPTY_BODY = YES;
				CLANG_WARN_ENUM_CONVERSION = YES;
				CLANG_WARN_INFINITE_RECURSION = YES;
				CLANG_WARN_INT_CONVERSION = YES;
				CLANG_WARN_NON_LITERAL_NULL_CONVERSION = YES;
				CLANG_WARN_OBJC_IMPLICIT_RETAIN_SELF = YES;
				CLANG_WARN_OBJC_LITERAL_CONVERSION = YES;
				CLANG_WARN_OBJC_ROOT_CLASS = YES_ERROR;
				CLANG_WARN_QUOTED_INCLUDE_IN_FRAMEWORK_HEADER = YES;
				CLANG_WARN_RANGE_LOOP_ANALYSIS = YES;
				CLANG_WARN_STRICT_PROTOTYPES = YES;
				CLANG_WARN_SUSPICIOUS_MOVE = YES;
				CLANG_WARN_UNGUARDED_AVAILABILITY = YES_AGGRESSIVE;
				CLANG_WARN_UNREACHABLE_CODE = YES;
				CLANG_WARN__DUPLICATE_METHOD_MATCH = YES;
				COPY_PHASE_STRIP = NO;
				DEBUG_INFORMATION_FORMAT = dwarf;
				ENABLE_STRICT_OBJC_MSGSEND = YES;
				ENABLE_TESTABILITY = YES;
				GCC_C_LANGUAGE_STANDARD = gnu11;
				GCC_DYNAMIC_NO_PIC = NO;
				GCC_NO_COMMON_BLOCKS = YES;
				GCC_OPTIMIZATION_LEVEL = 0;
				GCC_PREPROCESSOR_DEFINITIONS = (
					"DEBUG=1",
					"$(inherited)",
				);
				GCC_WARN_64_TO_32_BIT_CONVERSION = YES;
				GCC_WARN_ABOUT_RETURN_TYPE = YES_ERROR;
				GCC_WARN_UNDECLARED_SELECTOR = YES;
				GCC_WARN_UNINITIALIZED_AUTOS = YES_AGGRESSIVE;
				GCC_WARN_UNUSED_FUNCTION = YES;
				GCC_WARN_UNUSED_VARIABLE = YES;
				IPHONEOS_DEPLOYMENT_TARGET = 16.4;
				MTL_ENABLE_DEBUG_INFO = INCLUDE_SOURCE;
				MTL_FAST_MATH = YES;
				ONLY_ACTIVE_ARCH = YES;
				SDKROOT = iphoneos;
				SWIFT_ACTIVE_COMPILATION_CONDITIONS = DEBUG;
				SWIFT_OPTIMIZATION_LEVEL = "-Onone";
			};
			name = Debug;
		};
		CBE1731829DC34B000439C99 /* Release */ = {
			isa = XCBuildConfiguration;
			buildSettings = {
				ALWAYS_SEARCH_USER_PATHS = NO;
				CLANG_ANALYZER_NONNULL = YES;
				CLANG_ANALYZER_NUMBER_OBJECT_CONVERSION = YES_AGGRESSIVE;
				CLANG_CXX_LANGUAGE_STANDARD = "gnu++20";
				CLANG_ENABLE_MODULES = YES;
				CLANG_ENABLE_OBJC_ARC = YES;
				CLANG_ENABLE_OBJC_WEAK = YES;
				CLANG_WARN_BLOCK_CAPTURE_AUTORELEASING = YES;
				CLANG_WARN_BOOL_CONVERSION = YES;
				CLANG_WARN_COMMA = YES;
				CLANG_WARN_CONSTANT_CONVERSION = YES;
				CLANG_WARN_DEPRECATED_OBJC_IMPLEMENTATIONS = YES;
				CLANG_WARN_DIRECT_OBJC_ISA_USAGE = YES_ERROR;
				CLANG_WARN_DOCUMENTATION_COMMENTS = YES;
				CLANG_WARN_EMPTY_BODY = YES;
				CLANG_WARN_ENUM_CONVERSION = YES;
				CLANG_WARN_INFINITE_RECURSION = YES;
				CLANG_WARN_INT_CONVERSION = YES;
				CLANG_WARN_NON_LITERAL_NULL_CONVERSION = YES;
				CLANG_WARN_OBJC_IMPLICIT_RETAIN_SELF = YES;
				CLANG_WARN_OBJC_LITERAL_CONVERSION = YES;
				CLANG_WARN_OBJC_ROOT_CLASS = YES_ERROR;
				CLANG_WARN_QUOTED_INCLUDE_IN_FRAMEWORK_HEADER = YES;
				CLANG_WARN_RANGE_LOOP_ANALYSIS = YES;
				CLANG_WARN_STRICT_PROTOTYPES = YES;
				CLANG_WARN_SUSPICIOUS_MOVE = YES;
				CLANG_WARN_UNGUARDED_AVAILABILITY = YES_AGGRESSIVE;
				CLANG_WARN_UNREACHABLE_CODE = YES;
				CLANG_WARN__DUPLICATE_METHOD_MATCH = YES;
				COPY_PHASE_STRIP = NO;
				DEBUG_INFORMATION_FORMAT = "dwarf-with-dsym";
				ENABLE_NS_ASSERTIONS = NO;
				ENABLE_STRICT_OBJC_MSGSEND = YES;
				GCC_C_LANGUAGE_STANDARD = gnu11;
				GCC_NO_COMMON_BLOCKS = YES;
				GCC_WARN_64_TO_32_BIT_CONVERSION = YES;
				GCC_WARN_ABOUT_RETURN_TYPE = YES_ERROR;
				GCC_WARN_UNDECLARED_SELECTOR = YES;
				GCC_WARN_UNINITIALIZED_AUTOS = YES_AGGRESSIVE;
				GCC_WARN_UNUSED_FUNCTION = YES;
				GCC_WARN_UNUSED_VARIABLE = YES;
				IPHONEOS_DEPLOYMENT_TARGET = 16.4;
				MTL_ENABLE_DEBUG_INFO = NO;
				MTL_FAST_MATH = YES;
				SDKROOT = iphoneos;
				SWIFT_COMPILATION_MODE = wholemodule;
				SWIFT_OPTIMIZATION_LEVEL = "-O";
				VALIDATE_PRODUCT = YES;
			};
			name = Release;
		};
		CBE1731A29DC34B000439C99 /* Debug */ = {
			isa = XCBuildConfiguration;
			buildSettings = {
				ASSETCATALOG_COMPILER_APPICON_NAME = AppIcon;
				ASSETCATALOG_COMPILER_GLOBAL_ACCENT_COLOR_NAME = AccentColor;
				CODE_SIGN_STYLE = Automatic;
				CURRENT_PROJECT_VERSION = 1;
				GENERATE_INFOPLIST_FILE = YES;
				INFOPLIST_FILE = MarvelHeroesUIKIT/Info.plist;
				INFOPLIST_KEY_CFBundleDisplayName = "";
				INFOPLIST_KEY_LSApplicationCategoryType = "";
				INFOPLIST_KEY_UIApplicationSupportsIndirectInputEvents = YES;
				INFOPLIST_KEY_UILaunchStoryboardName = LaunchScreen;
				INFOPLIST_KEY_UISupportedInterfaceOrientations = UIInterfaceOrientationPortrait;
				INFOPLIST_KEY_UISupportedInterfaceOrientations_iPad = "UIInterfaceOrientationLandscapeLeft UIInterfaceOrientationLandscapeRight UIInterfaceOrientationPortrait UIInterfaceOrientationPortraitUpsideDown";
				LD_RUNPATH_SEARCH_PATHS = (
					"$(inherited)",
					"@executable_path/Frameworks",
				);
				MARKETING_VERSION = 1.0;
				PRODUCT_BUNDLE_IDENTIFIER = "pablo-gomez.MarvelHeroesUIKIT";
				PRODUCT_NAME = "$(TARGET_NAME)";
				SWIFT_EMIT_LOC_STRINGS = YES;
				SWIFT_VERSION = 5.0;
				TARGETED_DEVICE_FAMILY = "1,2";
			};
			name = Debug;
		};
		CBE1731B29DC34B000439C99 /* Release */ = {
			isa = XCBuildConfiguration;
			buildSettings = {
				ASSETCATALOG_COMPILER_APPICON_NAME = AppIcon;
				ASSETCATALOG_COMPILER_GLOBAL_ACCENT_COLOR_NAME = AccentColor;
				CODE_SIGN_STYLE = Automatic;
				CURRENT_PROJECT_VERSION = 1;
				GENERATE_INFOPLIST_FILE = YES;
				INFOPLIST_FILE = MarvelHeroesUIKIT/Info.plist;
				INFOPLIST_KEY_CFBundleDisplayName = "";
				INFOPLIST_KEY_LSApplicationCategoryType = "";
				INFOPLIST_KEY_UIApplicationSupportsIndirectInputEvents = YES;
				INFOPLIST_KEY_UILaunchStoryboardName = LaunchScreen;
				INFOPLIST_KEY_UISupportedInterfaceOrientations = UIInterfaceOrientationPortrait;
				INFOPLIST_KEY_UISupportedInterfaceOrientations_iPad = "UIInterfaceOrientationLandscapeLeft UIInterfaceOrientationLandscapeRight UIInterfaceOrientationPortrait UIInterfaceOrientationPortraitUpsideDown";
				LD_RUNPATH_SEARCH_PATHS = (
					"$(inherited)",
					"@executable_path/Frameworks",
				);
				MARKETING_VERSION = 1.0;
				PRODUCT_BUNDLE_IDENTIFIER = "pablo-gomez.MarvelHeroesUIKIT";
				PRODUCT_NAME = "$(TARGET_NAME)";
				SWIFT_EMIT_LOC_STRINGS = YES;
				SWIFT_VERSION = 5.0;
				TARGETED_DEVICE_FAMILY = "1,2";
			};
			name = Release;
		};
		CBE1731D29DC34B000439C99 /* Debug */ = {
			isa = XCBuildConfiguration;
			buildSettings = {
				ALWAYS_EMBED_SWIFT_STANDARD_LIBRARIES = YES;
				BUNDLE_LOADER = "$(TEST_HOST)";
				CODE_SIGN_STYLE = Automatic;
				CURRENT_PROJECT_VERSION = 1;
				GENERATE_INFOPLIST_FILE = YES;
				IPHONEOS_DEPLOYMENT_TARGET = 16.4;
				MARKETING_VERSION = 1.0;
				PRODUCT_BUNDLE_IDENTIFIER = "pablo-gomez.MarvelHeroesUIKITTests";
				PRODUCT_NAME = "$(TARGET_NAME)";
				SWIFT_EMIT_LOC_STRINGS = NO;
				SWIFT_VERSION = 5.0;
				TARGETED_DEVICE_FAMILY = "1,2";
				TEST_HOST = "$(BUILT_PRODUCTS_DIR)/MarvelHeroesUIKIT.app/$(BUNDLE_EXECUTABLE_FOLDER_PATH)/MarvelHeroesUIKIT";
			};
			name = Debug;
		};
		CBE1731E29DC34B000439C99 /* Release */ = {
			isa = XCBuildConfiguration;
			buildSettings = {
				ALWAYS_EMBED_SWIFT_STANDARD_LIBRARIES = YES;
				BUNDLE_LOADER = "$(TEST_HOST)";
				CODE_SIGN_STYLE = Automatic;
				CURRENT_PROJECT_VERSION = 1;
				GENERATE_INFOPLIST_FILE = YES;
				IPHONEOS_DEPLOYMENT_TARGET = 16.4;
				MARKETING_VERSION = 1.0;
				PRODUCT_BUNDLE_IDENTIFIER = "pablo-gomez.MarvelHeroesUIKITTests";
				PRODUCT_NAME = "$(TARGET_NAME)";
				SWIFT_EMIT_LOC_STRINGS = NO;
				SWIFT_VERSION = 5.0;
				TARGETED_DEVICE_FAMILY = "1,2";
				TEST_HOST = "$(BUILT_PRODUCTS_DIR)/MarvelHeroesUIKIT.app/$(BUNDLE_EXECUTABLE_FOLDER_PATH)/MarvelHeroesUIKIT";
			};
			name = Release;
		};
		CBE1732029DC34B000439C99 /* Debug */ = {
			isa = XCBuildConfiguration;
			buildSettings = {
				ALWAYS_EMBED_SWIFT_STANDARD_LIBRARIES = YES;
				CODE_SIGN_STYLE = Automatic;
				CURRENT_PROJECT_VERSION = 1;
				GENERATE_INFOPLIST_FILE = YES;
				MARKETING_VERSION = 1.0;
				PRODUCT_BUNDLE_IDENTIFIER = "pablo-gomez.MarvelHeroesUIKITUITests";
				PRODUCT_NAME = "$(TARGET_NAME)";
				SWIFT_EMIT_LOC_STRINGS = NO;
				SWIFT_VERSION = 5.0;
				TARGETED_DEVICE_FAMILY = "1,2";
				TEST_TARGET_NAME = MarvelHeroesUIKIT;
			};
			name = Debug;
		};
		CBE1732129DC34B000439C99 /* Release */ = {
			isa = XCBuildConfiguration;
			buildSettings = {
				ALWAYS_EMBED_SWIFT_STANDARD_LIBRARIES = YES;
				CODE_SIGN_STYLE = Automatic;
				CURRENT_PROJECT_VERSION = 1;
				GENERATE_INFOPLIST_FILE = YES;
				MARKETING_VERSION = 1.0;
				PRODUCT_BUNDLE_IDENTIFIER = "pablo-gomez.MarvelHeroesUIKITUITests";
				PRODUCT_NAME = "$(TARGET_NAME)";
				SWIFT_EMIT_LOC_STRINGS = NO;
				SWIFT_VERSION = 5.0;
				TARGETED_DEVICE_FAMILY = "1,2";
				TEST_TARGET_NAME = MarvelHeroesUIKIT;
			};
			name = Release;
		};
/* End XCBuildConfiguration section */

/* Begin XCConfigurationList section */
		CBE172EA29DC34AF00439C99 /* Build configuration list for PBXProject "MarvelHeroesUIKIT" */ = {
			isa = XCConfigurationList;
			buildConfigurations = (
				CBE1731729DC34B000439C99 /* Debug */,
				CBE1731829DC34B000439C99 /* Release */,
			);
			defaultConfigurationIsVisible = 0;
			defaultConfigurationName = Release;
		};
		CBE1731929DC34B000439C99 /* Build configuration list for PBXNativeTarget "MarvelHeroesUIKIT" */ = {
			isa = XCConfigurationList;
			buildConfigurations = (
				CBE1731A29DC34B000439C99 /* Debug */,
				CBE1731B29DC34B000439C99 /* Release */,
			);
			defaultConfigurationIsVisible = 0;
			defaultConfigurationName = Release;
		};
		CBE1731C29DC34B000439C99 /* Build configuration list for PBXNativeTarget "MarvelHeroesUIKITTests" */ = {
			isa = XCConfigurationList;
			buildConfigurations = (
				CBE1731D29DC34B000439C99 /* Debug */,
				CBE1731E29DC34B000439C99 /* Release */,
			);
			defaultConfigurationIsVisible = 0;
			defaultConfigurationName = Release;
		};
		CBE1731F29DC34B000439C99 /* Build configuration list for PBXNativeTarget "MarvelHeroesUIKITUITests" */ = {
			isa = XCConfigurationList;
			buildConfigurations = (
				CBE1732029DC34B000439C99 /* Debug */,
				CBE1732129DC34B000439C99 /* Release */,
			);
			defaultConfigurationIsVisible = 0;
			defaultConfigurationName = Release;
		};
/* End XCConfigurationList section */
	};
	rootObject = CBE172E729DC34AF00439C99 /* Project object */;
}
